// !$*UTF8*$!
{
	archiveVersion = 1;
	classes = {
	};
	objectVersion = 46;
	objects = {

/* Begin PBXBuildFile section */
		19ED49751B38A48C004038A8 /* AppDelegate.swift in Sources */ = {isa = PBXBuildFile; fileRef = 19ED49741B38A48C004038A8 /* AppDelegate.swift */; };
		19ED49771B38A48C004038A8 /* ViewController.swift in Sources */ = {isa = PBXBuildFile; fileRef = 19ED49761B38A48C004038A8 /* ViewController.swift */; };
		19ED497A1B38A48C004038A8 /* Main.storyboard in Resources */ = {isa = PBXBuildFile; fileRef = 19ED49781B38A48C004038A8 /* Main.storyboard */; };
		19ED497C1B38A48C004038A8 /* Images.xcassets in Resources */ = {isa = PBXBuildFile; fileRef = 19ED497B1B38A48C004038A8 /* Images.xcassets */; };
		19ED497F1B38A48C004038A8 /* LaunchScreen.xib in Resources */ = {isa = PBXBuildFile; fileRef = 19ED497D1B38A48C004038A8 /* LaunchScreen.xib */; };
		19ED498B1B38A48C004038A8 /* PickerViewApplicationTests.swift in Sources */ = {isa = PBXBuildFile; fileRef = 19ED498A1B38A48C004038A8 /* PickerViewApplicationTests.swift */; };
/* End PBXBuildFile section */

/* Begin PBXContainerItemProxy section */
		19ED49851B38A48C004038A8 /* PBXContainerItemProxy */ = {
			isa = PBXContainerItemProxy;
			containerPortal = 19ED49671B38A48C004038A8 /* Project object */;
			proxyType = 1;
			remoteGlobalIDString = 19ED496E1B38A48C004038A8;
			remoteInfo = PickerViewApplication;
		};
/* End PBXContainerItemProxy section */

/* Begin PBXFileReference section */
		19ED496F1B38A48C004038A8 /* PickerViewApplication.app */ = {isa = PBXFileReference; explicitFileType = wrapper.application; includeInIndex = 0; path = PickerViewApplication.app; sourceTree = BUILT_PRODUCTS_DIR; };
		19ED49731B38A48C004038A8 /* Info.plist */ = {isa = PBXFileReference; lastKnownFileType = text.plist.xml; path = Info.plist; sourceTree = "<group>"; };
		19ED49741B38A48C004038A8 /* AppDelegate.swift */ = {isa = PBXFileReference; lastKnownFileType = sourcecode.swift; path = AppDelegate.swift; sourceTree = "<group>"; };
		19ED49761B38A48C004038A8 /* ViewController.swift */ = {isa = PBXFileReference; lastKnownFileType = sourcecode.swift; path = ViewController.swift; sourceTree = "<group>"; };
		19ED49791B38A48C004038A8 /* Base */ = {isa = PBXFileReference; lastKnownFileType = file.storyboard; name = Base; path = Base.lproj/Main.storyboard; sourceTree = "<group>"; };
		19ED497B1B38A48C004038A8 /* Images.xcassets */ = {isa = PBXFileReference; lastKnownFileType = folder.assetcatalog; path = Images.xcassets; sourceTree = "<group>"; };
		19ED497E1B38A48C004038A8 /* Base */ = {isa = PBXFileReference; lastKnownFileType = file.xib; name = Base; path = Base.lproj/LaunchScreen.xib; sourceTree = "<group>"; };
		19ED49841B38A48C004038A8 /* PickerViewApplicationTests.xctest */ = {isa = PBXFileReference; explicitFileType = wrapper.cfbundle; includeInIndex = 0; path = PickerViewApplicationTests.xctest; sourceTree = BUILT_PRODUCTS_DIR; };
		19ED49891B38A48C004038A8 /* Info.plist */ = {isa = PBXFileReference; lastKnownFileType = text.plist.xml; path = Info.plist; sourceTree = "<group>"; };
		19ED498A1B38A48C004038A8 /* PickerViewApplicationTests.swift */ = {isa = PBXFileReference; lastKnownFileType = sourcecode.swift; path = PickerViewApplicationTests.swift; sourceTree = "<group>"; };
/* End PBXFileReference section */

/* Begin PBXFrameworksBuildPhase section */
		19ED496C1B38A48C004038A8 /* Frameworks */ = {
			isa = PBXFrameworksBuildPhase;
			buildActionMask = 2147483647;
			files = (
			);
			runOnlyForDeploymentPostprocessing = 0;
		};
		19ED49811B38A48C004038A8 /* Frameworks */ = {
			isa = PBXFrameworksBuildPhase;
			buildActionMask = 2147483647;
			files = (
			);
			runOnlyForDeploymentPostprocessing = 0;
		};
/* End PBXFrameworksBuildPhase section */

/* Begin PBXGroup section */
		19ED49661B38A48C004038A8 = {
			isa = PBXGroup;
			children = (
				19ED49711B38A48C004038A8 /* PickerViewApplication */,
				19ED49871B38A48C004038A8 /* PickerViewApplicationTests */,
				19ED49701B38A48C004038A8 /* Products */,
			);
			sourceTree = "<group>";
		};
		19ED49701B38A48C004038A8 /* Products */ = {
			isa = PBXGroup;
			children = (
				19ED496F1B38A48C004038A8 /* PickerViewApplication.app */,
				19ED49841B38A48C004038A8 /* PickerViewApplicationTests.xctest */,
			);
			name = Products;
			sourceTree = "<group>";
		};
		19ED49711B38A48C004038A8 /* PickerViewApplication */ = {
			isa = PBXGroup;
			children = (
				19ED49741B38A48C004038A8 /* AppDelegate.swift */,
				19ED49761B38A48C004038A8 /* ViewController.swift */,
				19ED49781B38A48C004038A8 /* Main.storyboard */,
				19ED497B1B38A48C004038A8 /* Images.xcassets */,
				19ED497D1B38A48C004038A8 /* LaunchScreen.xib */,
				19ED49721B38A48C004038A8 /* Supporting Files */,
			);
			path = PickerViewApplication;
			sourceTree = "<group>";
		};
		19ED49721B38A48C004038A8 /* Supporting Files */ = {
			isa = PBXGroup;
			children = (
				19ED49731B38A48C004038A8 /* Info.plist */,
			);
			name = "Supporting Files";
			sourceTree = "<group>";
		};
		19ED49871B38A48C004038A8 /* PickerViewApplicationTests */ = {
			isa = PBXGroup;
			children = (
				19ED498A1B38A48C004038A8 /* PickerViewApplicationTests.swift */,
				19ED49881B38A48C004038A8 /* Supporting Files */,
			);
			path = PickerViewApplicationTests;
			sourceTree = "<group>";
		};
		19ED49881B38A48C004038A8 /* Supporting Files */ = {
			isa = PBXGroup;
			children = (
				19ED49891B38A48C004038A8 /* Info.plist */,
			);
			name = "Supporting Files";
			sourceTree = "<group>";
		};
/* End PBXGroup section */

/* Begin PBXNativeTarget section */
		19ED496E1B38A48C004038A8 /* PickerViewApplication */ = {
			isa = PBXNativeTarget;
			buildConfigurationList = 19ED498E1B38A48C004038A8 /* Build configuration list for PBXNativeTarget "PickerViewApplication" */;
			buildPhases = (
				19ED496B1B38A48C004038A8 /* Sources */,
				19ED496C1B38A48C004038A8 /* Frameworks */,
				19ED496D1B38A48C004038A8 /* Resources */,
			);
			buildRules = (
			);
			dependencies = (
			);
			name = PickerViewApplication;
			productName = PickerViewApplication;
			productReference = 19ED496F1B38A48C004038A8 /* PickerViewApplication.app */;
			productType = "com.apple.product-type.application";
		};
		19ED49831B38A48C004038A8 /* PickerViewApplicationTests */ = {
			isa = PBXNativeTarget;
			buildConfigurationList = 19ED49911B38A48C004038A8 /* Build configuration list for PBXNativeTarget "PickerViewApplicationTests" */;
			buildPhases = (
				19ED49801B38A48C004038A8 /* Sources */,
				19ED49811B38A48C004038A8 /* Frameworks */,
				19ED49821B38A48C004038A8 /* Resources */,
			);
			buildRules = (
			);
			dependencies = (
				19ED49861B38A48C004038A8 /* PBXTargetDependency */,
			);
			name = PickerViewApplicationTests;
			productName = PickerViewApplicationTests;
			productReference = 19ED49841B38A48C004038A8 /* PickerViewApplicationTests.xctest */;
			productType = "com.apple.product-type.bundle.unit-test";
		};
/* End PBXNativeTarget section */

/* Begin PBXProject section */
		19ED49671B38A48C004038A8 /* Project object */ = {
			isa = PBXProject;
			attributes = {
				LastUpgradeCheck = 0630;
				ORGANIZATIONNAME = "Tanveer Anand";
				TargetAttributes = {
					19ED496E1B38A48C004038A8 = {
						CreatedOnToolsVersion = 6.3.2;
					};
					19ED49831B38A48C004038A8 = {
						CreatedOnToolsVersion = 6.3.2;
						TestTargetID = 19ED496E1B38A48C004038A8;
					};
				};
			};
			buildConfigurationList = 19ED496A1B38A48C004038A8 /* Build configuration list for PBXProject "PickerViewApplication" */;
			compatibilityVersion = "Xcode 3.2";
			developmentRegion = English;
			hasScannedForEncodings = 0;
			knownRegions = (
				en,
				Base,
			);
			mainGroup = 19ED49661B38A48C004038A8;
			productRefGroup = 19ED49701B38A48C004038A8 /* Products */;
			projectDirPath = "";
			projectRoot = "";
			targets = (
				19ED496E1B38A48C004038A8 /* PickerViewApplication */,
				19ED49831B38A48C004038A8 /* PickerViewApplicationTests */,
			);
		};
/* End PBXProject section */

/* Begin PBXResourcesBuildPhase section */
		19ED496D1B38A48C004038A8 /* Resources */ = {
			isa = PBXResourcesBuildPhase;
			buildActionMask = 2147483647;
			files = (
				19ED497A1B38A48C004038A8 /* Main.storyboard in Resources */,
				19ED497F1B38A48C004038A8 /* LaunchScreen.xib in Resources */,
				19ED497C1B38A48C004038A8 /* Images.xcassets in Resources */,
			);
			runOnlyForDeploymentPostprocessing = 0;
		};
		19ED49821B38A48C004038A8 /* Resources */ = {
			isa = PBXResourcesBuildPhase;
			buildActionMask = 2147483647;
			files = (
			);
			runOnlyForDeploymentPostprocessing = 0;
		};
/* End PBXResourcesBuildPhase section */

/* Begin PBXSourcesBuildPhase section */
		19ED496B1B38A48C004038A8 /* Sources */ = {
			isa = PBXSourcesBuildPhase;
			buildActionMask = 2147483647;
			files = (
				19ED49771B38A48C004038A8 /* ViewController.swift in Sources */,
				19ED49751B38A48C004038A8 /* AppDelegate.swift in Sources */,
			);
			runOnlyForDeploymentPostprocessing = 0;
		};
		19ED49801B38A48C004038A8 /* Sources */ = {
			isa = PBXSourcesBuildPhase;
			buildActionMask = 2147483647;
			files = (
				19ED498B1B38A48C004038A8 /* PickerViewApplicationTests.swift in Sources */,
			);
			runOnlyForDeploymentPostprocessing = 0;
		};
/* End PBXSourcesBuildPhase section */

/* Begin PBXTargetDependency section */
		19ED49861B38A48C004038A8 /* PBXTargetDependency */ = {
			isa = PBXTargetDependency;
			target = 19ED496E1B38A48C004038A8 /* PickerViewApplication */;
			targetProxy = 19ED49851B38A48C004038A8 /* PBXContainerItemProxy */;
		};
/* End PBXTargetDependency section */

/* Begin PBXVariantGroup section */
		19ED49781B38A48C004038A8 /* Main.storyboard */ = {
			isa = PBXVariantGroup;
			children = (
				19ED49791B38A48C004038A8 /* Base */,
			);
			name = Main.storyboard;
			sourceTree = "<group>";
		};
		19ED497D1B38A48C004038A8 /* LaunchScreen.xib */ = {
			isa = PBXVariantGroup;
			children = (
				19ED497E1B38A48C004038A8 /* Base */,
			);
			name = LaunchScreen.xib;
			sourceTree = "<group>";
		};
/* End PBXVariantGroup section */

/* Begin XCBuildConfiguration section */
		19ED498C1B38A48C004038A8 /* Debug */ = {
			isa = XCBuildConfiguration;
			buildSettings = {
				ALWAYS_SEARCH_USER_PATHS = NO;
				CLANG_CXX_LANGUAGE_STANDARD = "gnu++0x";
				CLANG_CXX_LIBRARY = "libc++";
				CLANG_ENABLE_MODULES = YES;
				CLANG_ENABLE_OBJC_ARC = YES;
				CLANG_WARN_BOOL_CONVERSION = YES;
				CLANG_WARN_CONSTANT_CONVERSION = YES;
				CLANG_WARN_DIRECT_OBJC_ISA_USAGE = YES_ERROR;
				CLANG_WARN_EMPTY_BODY = YES;
				CLANG_WARN_ENUM_CONVERSION = YES;
				CLANG_WARN_INT_CONVERSION = YES;
				CLANG_WARN_OBJC_ROOT_CLASS = YES_ERROR;
				CLANG_WARN_UNREACHABLE_CODE = YES;
				CLANG_WARN__DUPLICATE_METHOD_MATCH = YES;
				"CODE_SIGN_IDENTITY[sdk=iphoneos*]" = "iPhone Developer";
				COPY_PHASE_STRIP = NO;
				DEBUG_INFORMATION_FORMAT = "dwarf-with-dsym";
				ENABLE_STRICT_OBJC_MSGSEND = YES;
				GCC_C_LANGUAGE_STANDARD = gnu99;
				GCC_DYNAMIC_NO_PIC = NO;
				GCC_NO_COMMON_BLOCKS = YES;
				GCC_OPTIMIZATION_LEVEL = 0;
				GCC_PREPROCESSOR_DEFINITIONS = (
					"DEBUG=1",
					"$(inherited)",
				);
				GCC_SYMBOLS_PRIVATE_EXTERN = NO;
				GCC_WARN_64_TO_32_BIT_CONVERSION = YES;
				GCC_WARN_ABOUT_RETURN_TYPE = YES_ERROR;
				GCC_WARN_UNDECLARED_SELECTOR = YES;
				GCC_WARN_UNINITIALIZED_AUTOS = YES_AGGRESSIVE;
				GCC_WARN_UNUSED_FUNCTION = YES;
				GCC_WARN_UNUSED_VARIABLE = YES;
				IPHONEOS_DEPLOYMENT_TARGET = 8.3;
				MTL_ENABLE_DEBUG_INFO = YES;
				ONLY_ACTIVE_ARCH = YES;
				SDKROOT = iphoneos;
				SWIFT_OPTIMIZATION_LEVEL = "-Onone";
				TARGETED_DEVICE_FAMILY = "1,2";
			};
			name = Debug;
		};
		19ED498D1B38A48C004038A8 /* Release */ = {
			isa = XCBuildConfiguration;
			buildSettings = {
				ALWAYS_SEARCH_USER_PATHS = NO;
				CLANG_CXX_LANGUAGE_STANDARD = "gnu++0x";
				CLANG_CXX_LIBRARY = "libc++";
				CLANG_ENABLE_MODULES = YES;
				CLANG_ENABLE_OBJC_ARC = YES;
				CLANG_WARN_BOOL_CONVERSION = YES;
				CLANG_WARN_CONSTANT_CONVERSION = YES;
				CLANG_WARN_DIRECT_OBJC_ISA_USAGE = YES_ERROR;
				CLANG_WARN_EMPTY_BODY = YES;
				CLANG_WARN_ENUM_CONVERSION = YES;
				CLANG_WARN_INT_CONVERSION = YES;
				CLANG_WARN_OBJC_ROOT_CLASS = YES_ERROR;
				CLANG_WARN_UNREACHABLE_CODE = YES;
				CLANG_WARN__DUPLICATE_METHOD_MATCH = YES;
				"CODE_SIGN_IDENTITY[sdk=iphoneos*]" = "iPhone Developer";
				COPY_PHASE_STRIP = NO;
				DEBUG_INFORMATION_FORMAT = "dwarf-with-dsym";
				ENABLE_NS_ASSERTIONS = NO;
				ENABLE_STRICT_OBJC_MSGSEND = YES;
				GCC_C_LANGUAGE_STANDARD = gnu99;
				GCC_NO_COMMON_BLOCKS = YES;
				GCC_WARN_64_TO_32_BIT_CONVERSION = YES;
				GCC_WARN_ABOUT_RETURN_TYPE = YES_ERROR;
				GCC_WARN_UNDECLARED_SELECTOR = YES;
				GCC_WARN_UNINITIALIZED_AUTOS = YES_AGGRESSIVE;
				GCC_WARN_UNUSED_FUNCTION = YES;
				GCC_WARN_UNUSED_VARIABLE = YES;
				IPHONEOS_DEPLOYMENT_TARGET = 8.3;
				MTL_ENABLE_DEBUG_INFO = NO;
				SDKROOT = iphoneos;
				TARGETED_DEVICE_FAMILY = "1,2";
				VALIDATE_PRODUCT = YES;
			};
			name = Release;
		};
		19ED498F1B38A48C004038A8 /* Debug */ = {
			isa = XCBuildConfiguration;
			buildSettings = {
				ASSETCATALOG_COMPILER_APPICON_NAME = AppIcon;
				INFOPLIST_FILE = PickerViewApplication/Info.plist;
				LD_RUNPATH_SEARCH_PATHS = "$(inherited) @executable_path/Frameworks";
				PRODUCT_NAME = "$(TARGET_NAME)";
			};
			name = Debug;
		};
		19ED49901B38A48C004038A8 /* Release */ = {
			isa = XCBuildConfiguration;
			buildSettings = {
				ASSETCATALOG_COMPILER_APPICON_NAME = AppIcon;
				INFOPLIST_FILE = PickerViewApplication/Info.plist;
				LD_RUNPATH_SEARCH_PATHS = "$(inherited) @executable_path/Frameworks";
				PRODUCT_NAME = "$(TARGET_NAME)";
			};
			name = Release;
		};
		19ED49921B38A48C004038A8 /* Debug */ = {
			isa = XCBuildConfiguration;
			buildSettings = {
				BUNDLE_LOADER = "$(TEST_HOST)";
				FRAMEWORK_SEARCH_PATHS = (
					"$(SDKROOT)/Developer/Library/Frameworks",
					"$(inherited)",
				);
				GCC_PREPROCESSOR_DEFINITIONS = (
					"DEBUG=1",
					"$(inherited)",
				);
				INFOPLIST_FILE = PickerViewApplicationTests/Info.plist;
				LD_RUNPATH_SEARCH_PATHS = "$(inherited) @executable_path/Frameworks @loader_path/Frameworks";
				PRODUCT_NAME = "$(TARGET_NAME)";
				TEST_HOST = "$(BUILT_PRODUCTS_DIR)/PickerViewApplication.app/PickerViewApplication";
			};
			name = Debug;
		};
		19ED49931B38A48C004038A8 /* Release */ = {
			isa = XCBuildConfiguration;
			buildSettings = {
				BUNDLE_LOADER = "$(TEST_HOST)";
				FRAMEWORK_SEARCH_PATHS = (
					"$(SDKROOT)/Developer/Library/Frameworks",
					"$(inherited)",
				);
				INFOPLIST_FILE = PickerViewApplicationTests/Info.plist;
				LD_RUNPATH_SEARCH_PATHS = "$(inherited) @executable_path/Frameworks @loader_path/Frameworks";
				PRODUCT_NAME = "$(TARGET_NAME)";
				TEST_HOST = "$(BUILT_PRODUCTS_DIR)/PickerViewApplication.app/PickerViewApplication";
			};
			name = Release;
		};
/* End XCBuildConfiguration section */

/* Begin XCConfigurationList section */
		19ED496A1B38A48C004038A8 /* Build configuration list for PBXProject "PickerViewApplication" */ = {
			isa = XCConfigurationList;
			buildConfigurations = (
				19ED498C1B38A48C004038A8 /* Debug */,
				19ED498D1B38A48C004038A8 /* Release */,
			);
			defaultConfigurationIsVisible = 0;
			defaultConfigurationName = Release;
		};
		19ED498E1B38A48C004038A8 /* Build configuration list for PBXNativeTarget "PickerViewApplication" */ = {
			isa = XCConfigurationList;
			buildConfigurations = (
				19ED498F1B38A48C004038A8 /* Debug */,
				19ED49901B38A48C004038A8 /* Release */,
			);
			defaultConfigurationIsVisible = 0;
		};
		19ED49911B38A48C004038A8 /* Build configuration list for PBXNativeTarget "PickerViewApplicationTests" */ = {
			isa = XCConfigurationList;
			buildConfigurations = (
				19ED49921B38A48C004038A8 /* Debug */,
				19ED49931B38A48C004038A8 /* Release */,
			);
			defaultConfigurationIsVisible = 0;
		};
/* End XCConfigurationList section */
	};
	rootObject = 19ED49671B38A48C004038A8 /* Project object */;
}
