// !$*UTF8*$!
{
	archiveVersion = 1;
	classes = {
	};
	objectVersion = 46;
	objects = {

/* Begin PBXBuildFile section */
		19ED49471B38998A004038A8 /* AppDelegate.swift in Sources */ = {isa = PBXBuildFile; fileRef = 19ED49461B38998A004038A8 /* AppDelegate.swift */; };
		19ED49491B38998A004038A8 /* ViewController.swift in Sources */ = {isa = PBXBuildFile; fileRef = 19ED49481B38998A004038A8 /* ViewController.swift */; };
		19ED494C1B38998A004038A8 /* Main.storyboard in Resources */ = {isa = PBXBuildFile; fileRef = 19ED494A1B38998A004038A8 /* Main.storyboard */; };
		19ED494E1B38998A004038A8 /* Images.xcassets in Resources */ = {isa = PBXBuildFile; fileRef = 19ED494D1B38998A004038A8 /* Images.xcassets */; };
		19ED49511B38998A004038A8 /* LaunchScreen.xib in Resources */ = {isa = PBXBuildFile; fileRef = 19ED494F1B38998A004038A8 /* LaunchScreen.xib */; };
		19ED495D1B38998A004038A8 /* WhatDayTests.swift in Sources */ = {isa = PBXBuildFile; fileRef = 19ED495C1B38998A004038A8 /* WhatDayTests.swift */; };
/* End PBXBuildFile section */

/* Begin PBXContainerItemProxy section */
		19ED49571B38998A004038A8 /* PBXContainerItemProxy */ = {
			isa = PBXContainerItemProxy;
			containerPortal = 19ED49391B38998A004038A8 /* Project object */;
			proxyType = 1;
			remoteGlobalIDString = 19ED49401B38998A004038A8;
			remoteInfo = WhatDay;
		};
/* End PBXContainerItemProxy section */

/* Begin PBXFileReference section */
		19ED49411B38998A004038A8 /* WhatDay.app */ = {isa = PBXFileReference; explicitFileType = wrapper.application; includeInIndex = 0; path = WhatDay.app; sourceTree = BUILT_PRODUCTS_DIR; };
		19ED49451B38998A004038A8 /* Info.plist */ = {isa = PBXFileReference; lastKnownFileType = text.plist.xml; path = Info.plist; sourceTree = "<group>"; };
		19ED49461B38998A004038A8 /* AppDelegate.swift */ = {isa = PBXFileReference; lastKnownFileType = sourcecode.swift; path = AppDelegate.swift; sourceTree = "<group>"; };
		19ED49481B38998A004038A8 /* ViewController.swift */ = {isa = PBXFileReference; lastKnownFileType = sourcecode.swift; path = ViewController.swift; sourceTree = "<group>"; };
		19ED494B1B38998A004038A8 /* Base */ = {isa = PBXFileReference; lastKnownFileType = file.storyboard; name = Base; path = Base.lproj/Main.storyboard; sourceTree = "<group>"; };
		19ED494D1B38998A004038A8 /* Images.xcassets */ = {isa = PBXFileReference; lastKnownFileType = folder.assetcatalog; path = Images.xcassets; sourceTree = "<group>"; };
		19ED49501B38998A004038A8 /* Base */ = {isa = PBXFileReference; lastKnownFileType = file.xib; name = Base; path = Base.lproj/LaunchScreen.xib; sourceTree = "<group>"; };
		19ED49561B38998A004038A8 /* WhatDayTests.xctest */ = {isa = PBXFileReference; explicitFileType = wrapper.cfbundle; includeInIndex = 0; path = WhatDayTests.xctest; sourceTree = BUILT_PRODUCTS_DIR; };
		19ED495B1B38998A004038A8 /* Info.plist */ = {isa = PBXFileReference; lastKnownFileType = text.plist.xml; path = Info.plist; sourceTree = "<group>"; };
		19ED495C1B38998A004038A8 /* WhatDayTests.swift */ = {isa = PBXFileReference; lastKnownFileType = sourcecode.swift; path = WhatDayTests.swift; sourceTree = "<group>"; };
/* End PBXFileReference section */

/* Begin PBXFrameworksBuildPhase section */
		19ED493E1B38998A004038A8 /* Frameworks */ = {
			isa = PBXFrameworksBuildPhase;
			buildActionMask = 2147483647;
			files = (
			);
			runOnlyForDeploymentPostprocessing = 0;
		};
		19ED49531B38998A004038A8 /* Frameworks */ = {
			isa = PBXFrameworksBuildPhase;
			buildActionMask = 2147483647;
			files = (
			);
			runOnlyForDeploymentPostprocessing = 0;
		};
/* End PBXFrameworksBuildPhase section */

/* Begin PBXGroup section */
		19ED49381B38998A004038A8 = {
			isa = PBXGroup;
			children = (
				19ED49431B38998A004038A8 /* WhatDay */,
				19ED49591B38998A004038A8 /* WhatDayTests */,
				19ED49421B38998A004038A8 /* Products */,
			);
			sourceTree = "<group>";
		};
		19ED49421B38998A004038A8 /* Products */ = {
			isa = PBXGroup;
			children = (
				19ED49411B38998A004038A8 /* WhatDay.app */,
				19ED49561B38998A004038A8 /* WhatDayTests.xctest */,
			);
			name = Products;
			sourceTree = "<group>";
		};
		19ED49431B38998A004038A8 /* WhatDay */ = {
			isa = PBXGroup;
			children = (
				19ED49461B38998A004038A8 /* AppDelegate.swift */,
				19ED49481B38998A004038A8 /* ViewController.swift */,
				19ED494A1B38998A004038A8 /* Main.storyboard */,
				19ED494D1B38998A004038A8 /* Images.xcassets */,
				19ED494F1B38998A004038A8 /* LaunchScreen.xib */,
				19ED49441B38998A004038A8 /* Supporting Files */,
			);
			path = WhatDay;
			sourceTree = "<group>";
		};
		19ED49441B38998A004038A8 /* Supporting Files */ = {
			isa = PBXGroup;
			children = (
				19ED49451B38998A004038A8 /* Info.plist */,
			);
			name = "Supporting Files";
			sourceTree = "<group>";
		};
		19ED49591B38998A004038A8 /* WhatDayTests */ = {
			isa = PBXGroup;
			children = (
				19ED495C1B38998A004038A8 /* WhatDayTests.swift */,
				19ED495A1B38998A004038A8 /* Supporting Files */,
			);
			path = WhatDayTests;
			sourceTree = "<group>";
		};
		19ED495A1B38998A004038A8 /* Supporting Files */ = {
			isa = PBXGroup;
			children = (
				19ED495B1B38998A004038A8 /* Info.plist */,
			);
			name = "Supporting Files";
			sourceTree = "<group>";
		};
/* End PBXGroup section */

/* Begin PBXNativeTarget section */
		19ED49401B38998A004038A8 /* WhatDay */ = {
			isa = PBXNativeTarget;
			buildConfigurationList = 19ED49601B38998A004038A8 /* Build configuration list for PBXNativeTarget "WhatDay" */;
			buildPhases = (
				19ED493D1B38998A004038A8 /* Sources */,
				19ED493E1B38998A004038A8 /* Frameworks */,
				19ED493F1B38998A004038A8 /* Resources */,
			);
			buildRules = (
			);
			dependencies = (
			);
			name = WhatDay;
			productName = WhatDay;
			productReference = 19ED49411B38998A004038A8 /* WhatDay.app */;
			productType = "com.apple.product-type.application";
		};
		19ED49551B38998A004038A8 /* WhatDayTests */ = {
			isa = PBXNativeTarget;
			buildConfigurationList = 19ED49631B38998A004038A8 /* Build configuration list for PBXNativeTarget "WhatDayTests" */;
			buildPhases = (
				19ED49521B38998A004038A8 /* Sources */,
				19ED49531B38998A004038A8 /* Frameworks */,
				19ED49541B38998A004038A8 /* Resources */,
			);
			buildRules = (
			);
			dependencies = (
				19ED49581B38998A004038A8 /* PBXTargetDependency */,
			);
			name = WhatDayTests;
			productName = WhatDayTests;
			productReference = 19ED49561B38998A004038A8 /* WhatDayTests.xctest */;
			productType = "com.apple.product-type.bundle.unit-test";
		};
/* End PBXNativeTarget section */

/* Begin PBXProject section */
		19ED49391B38998A004038A8 /* Project object */ = {
			isa = PBXProject;
			attributes = {
				LastUpgradeCheck = 0630;
				ORGANIZATIONNAME = "Tanveer Anand";
				TargetAttributes = {
					19ED49401B38998A004038A8 = {
						CreatedOnToolsVersion = 6.3.2;
					};
					19ED49551B38998A004038A8 = {
						CreatedOnToolsVersion = 6.3.2;
						TestTargetID = 19ED49401B38998A004038A8;
					};
				};
			};
			buildConfigurationList = 19ED493C1B38998A004038A8 /* Build configuration list for PBXProject "WhatDay" */;
			compatibilityVersion = "Xcode 3.2";
			developmentRegion = English;
			hasScannedForEncodings = 0;
			knownRegions = (
				en,
				Base,
			);
			mainGroup = 19ED49381B38998A004038A8;
			productRefGroup = 19ED49421B38998A004038A8 /* Products */;
			projectDirPath = "";
			projectRoot = "";
			targets = (
				19ED49401B38998A004038A8 /* WhatDay */,
				19ED49551B38998A004038A8 /* WhatDayTests */,
			);
		};
/* End PBXProject section */

/* Begin PBXResourcesBuildPhase section */
		19ED493F1B38998A004038A8 /* Resources */ = {
			isa = PBXResourcesBuildPhase;
			buildActionMask = 2147483647;
			files = (
				19ED494C1B38998A004038A8 /* Main.storyboard in Resources */,
				19ED49511B38998A004038A8 /* LaunchScreen.xib in Resources */,
				19ED494E1B38998A004038A8 /* Images.xcassets in Resources */,
			);
			runOnlyForDeploymentPostprocessing = 0;
		};
		19ED49541B38998A004038A8 /* Resources */ = {
			isa = PBXResourcesBuildPhase;
			buildActionMask = 2147483647;
			files = (
			);
			runOnlyForDeploymentPostprocessing = 0;
		};
/* End PBXResourcesBuildPhase section */

/* Begin PBXSourcesBuildPhase section */
		19ED493D1B38998A004038A8 /* Sources */ = {
			isa = PBXSourcesBuildPhase;
			buildActionMask = 2147483647;
			files = (
				19ED49491B38998A004038A8 /* ViewController.swift in Sources */,
				19ED49471B38998A004038A8 /* AppDelegate.swift in Sources */,
			);
			runOnlyForDeploymentPostprocessing = 0;
		};
		19ED49521B38998A004038A8 /* Sources */ = {
			isa = PBXSourcesBuildPhase;
			buildActionMask = 2147483647;
			files = (
				19ED495D1B38998A004038A8 /* WhatDayTests.swift in Sources */,
			);
			runOnlyForDeploymentPostprocessing = 0;
		};
/* End PBXSourcesBuildPhase section */

/* Begin PBXTargetDependency section */
		19ED49581B38998A004038A8 /* PBXTargetDependency */ = {
			isa = PBXTargetDependency;
			target = 19ED49401B38998A004038A8 /* WhatDay */;
			targetProxy = 19ED49571B38998A004038A8 /* PBXContainerItemProxy */;
		};
/* End PBXTargetDependency section */

/* Begin PBXVariantGroup section */
		19ED494A1B38998A004038A8 /* Main.storyboard */ = {
			isa = PBXVariantGroup;
			children = (
				19ED494B1B38998A004038A8 /* Base */,
			);
			name = Main.storyboard;
			sourceTree = "<group>";
		};
		19ED494F1B38998A004038A8 /* LaunchScreen.xib */ = {
			isa = PBXVariantGroup;
			children = (
				19ED49501B38998A004038A8 /* Base */,
			);
			name = LaunchScreen.xib;
			sourceTree = "<group>";
		};
/* End PBXVariantGroup section */

/* Begin XCBuildConfiguration section */
		19ED495E1B38998A004038A8 /* Debug */ = {
			isa = XCBuildConfiguration;
			buildSettings = {
				ALWAYS_SEARCH_USER_PATHS = NO;
				CLANG_CXX_LANGUAGE_STANDARD = "gnu++0x";
				CLANG_CXX_LIBRARY = "libc++";
				CLANG_ENABLE_MODULES = YES;
				CLANG_ENABLE_OBJC_ARC = YES;
				CLANG_WARN_BOOL_CONVERSION = YES;
				CLANG_WARN_CONSTANT_CONVERSION = YES;
				CLANG_WARN_DIRECT_OBJC_ISA_USAGE = YES_ERROR;
				CLANG_WARN_EMPTY_BODY = YES;
				CLANG_WARN_ENUM_CONVERSION = YES;
				CLANG_WARN_INT_CONVERSION = YES;
				CLANG_WARN_OBJC_ROOT_CLASS = YES_ERROR;
				CLANG_WARN_UNREACHABLE_CODE = YES;
				CLANG_WARN__DUPLICATE_METHOD_MATCH = YES;
				"CODE_SIGN_IDENTITY[sdk=iphoneos*]" = "iPhone Developer";
				COPY_PHASE_STRIP = NO;
				DEBUG_INFORMATION_FORMAT = "dwarf-with-dsym";
				ENABLE_STRICT_OBJC_MSGSEND = YES;
				GCC_C_LANGUAGE_STANDARD = gnu99;
				GCC_DYNAMIC_NO_PIC = NO;
				GCC_NO_COMMON_BLOCKS = YES;
				GCC_OPTIMIZATION_LEVEL = 0;
				GCC_PREPROCESSOR_DEFINITIONS = (
					"DEBUG=1",
					"$(inherited)",
				);
				GCC_SYMBOLS_PRIVATE_EXTERN = NO;
				GCC_WARN_64_TO_32_BIT_CONVERSION = YES;
				GCC_WARN_ABOUT_RETURN_TYPE = YES_ERROR;
				GCC_WARN_UNDECLARED_SELECTOR = YES;
				GCC_WARN_UNINITIALIZED_AUTOS = YES_AGGRESSIVE;
				GCC_WARN_UNUSED_FUNCTION = YES;
				GCC_WARN_UNUSED_VARIABLE = YES;
				IPHONEOS_DEPLOYMENT_TARGET = 8.3;
				MTL_ENABLE_DEBUG_INFO = YES;
				ONLY_ACTIVE_ARCH = YES;
				SDKROOT = iphoneos;
				SWIFT_OPTIMIZATION_LEVEL = "-Onone";
				TARGETED_DEVICE_FAMILY = "1,2";
			};
			name = Debug;
		};
		19ED495F1B38998A004038A8 /* Release */ = {
			isa = XCBuildConfiguration;
			buildSettings = {
				ALWAYS_SEARCH_USER_PATHS = NO;
				CLANG_CXX_LANGUAGE_STANDARD = "gnu++0x";
				CLANG_CXX_LIBRARY = "libc++";
				CLANG_ENABLE_MODULES = YES;
				CLANG_ENABLE_OBJC_ARC = YES;
				CLANG_WARN_BOOL_CONVERSION = YES;
				CLANG_WARN_CONSTANT_CONVERSION = YES;
				CLANG_WARN_DIRECT_OBJC_ISA_USAGE = YES_ERROR;
				CLANG_WARN_EMPTY_BODY = YES;
				CLANG_WARN_ENUM_CONVERSION = YES;
				CLANG_WARN_INT_CONVERSION = YES;
				CLANG_WARN_OBJC_ROOT_CLASS = YES_ERROR;
				CLANG_WARN_UNREACHABLE_CODE = YES;
				CLANG_WARN__DUPLICATE_METHOD_MATCH = YES;
				"CODE_SIGN_IDENTITY[sdk=iphoneos*]" = "iPhone Developer";
				COPY_PHASE_STRIP = NO;
				DEBUG_INFORMATION_FORMAT = "dwarf-with-dsym";
				ENABLE_NS_ASSERTIONS = NO;
				ENABLE_STRICT_OBJC_MSGSEND = YES;
				GCC_C_LANGUAGE_STANDARD = gnu99;
				GCC_NO_COMMON_BLOCKS = YES;
				GCC_WARN_64_TO_32_BIT_CONVERSION = YES;
				GCC_WARN_ABOUT_RETURN_TYPE = YES_ERROR;
				GCC_WARN_UNDECLARED_SELECTOR = YES;
				GCC_WARN_UNINITIALIZED_AUTOS = YES_AGGRESSIVE;
				GCC_WARN_UNUSED_FUNCTION = YES;
				GCC_WARN_UNUSED_VARIABLE = YES;
				IPHONEOS_DEPLOYMENT_TARGET = 8.3;
				MTL_ENABLE_DEBUG_INFO = NO;
				SDKROOT = iphoneos;
				TARGETED_DEVICE_FAMILY = "1,2";
				VALIDATE_PRODUCT = YES;
			};
			name = Release;
		};
		19ED49611B38998A004038A8 /* Debug */ = {
			isa = XCBuildConfiguration;
			buildSettings = {
				ASSETCATALOG_COMPILER_APPICON_NAME = AppIcon;
				INFOPLIST_FILE = WhatDay/Info.plist;
				LD_RUNPATH_SEARCH_PATHS = "$(inherited) @executable_path/Frameworks";
				PRODUCT_NAME = "$(TARGET_NAME)";
			};
			name = Debug;
		};
		19ED49621B38998A004038A8 /* Release */ = {
			isa = XCBuildConfiguration;
			buildSettings = {
				ASSETCATALOG_COMPILER_APPICON_NAME = AppIcon;
				INFOPLIST_FILE = WhatDay/Info.plist;
				LD_RUNPATH_SEARCH_PATHS = "$(inherited) @executable_path/Frameworks";
				PRODUCT_NAME = "$(TARGET_NAME)";
			};
			name = Release;
		};
		19ED49641B38998A004038A8 /* Debug */ = {
			isa = XCBuildConfiguration;
			buildSettings = {
				BUNDLE_LOADER = "$(TEST_HOST)";
				FRAMEWORK_SEARCH_PATHS = (
					"$(SDKROOT)/Developer/Library/Frameworks",
					"$(inherited)",
				);
				GCC_PREPROCESSOR_DEFINITIONS = (
					"DEBUG=1",
					"$(inherited)",
				);
				INFOPLIST_FILE = WhatDayTests/Info.plist;
				LD_RUNPATH_SEARCH_PATHS = "$(inherited) @executable_path/Frameworks @loader_path/Frameworks";
				PRODUCT_NAME = "$(TARGET_NAME)";
				TEST_HOST = "$(BUILT_PRODUCTS_DIR)/WhatDay.app/WhatDay";
			};
			name = Debug;
		};
		19ED49651B38998A004038A8 /* Release */ = {
			isa = XCBuildConfiguration;
			buildSettings = {
				BUNDLE_LOADER = "$(TEST_HOST)";
				FRAMEWORK_SEARCH_PATHS = (
					"$(SDKROOT)/Developer/Library/Frameworks",
					"$(inherited)",
				);
				INFOPLIST_FILE = WhatDayTests/Info.plist;
				LD_RUNPATH_SEARCH_PATHS = "$(inherited) @executable_path/Frameworks @loader_path/Frameworks";
				PRODUCT_NAME = "$(TARGET_NAME)";
				TEST_HOST = "$(BUILT_PRODUCTS_DIR)/WhatDay.app/WhatDay";
			};
			name = Release;
		};
/* End XCBuildConfiguration section */

/* Begin XCConfigurationList section */
		19ED493C1B38998A004038A8 /* Build configuration list for PBXProject "WhatDay" */ = {
			isa = XCConfigurationList;
			buildConfigurations = (
				19ED495E1B38998A004038A8 /* Debug */,
				19ED495F1B38998A004038A8 /* Release */,
			);
			defaultConfigurationIsVisible = 0;
			defaultConfigurationName = Release;
		};
		19ED49601B38998A004038A8 /* Build configuration list for PBXNativeTarget "WhatDay" */ = {
			isa = XCConfigurationList;
			buildConfigurations = (
				19ED49611B38998A004038A8 /* Debug */,
				19ED49621B38998A004038A8 /* Release */,
			);
			defaultConfigurationIsVisible = 0;
		};
		19ED49631B38998A004038A8 /* Build configuration list for PBXNativeTarget "WhatDayTests" */ = {
			isa = XCConfigurationList;
			buildConfigurations = (
				19ED49641B38998A004038A8 /* Debug */,
				19ED49651B38998A004038A8 /* Release */,
			);
			defaultConfigurationIsVisible = 0;
		};
/* End XCConfigurationList section */
	};
	rootObject = 19ED49391B38998A004038A8 /* Project object */;
}
